
Microsoft Visual Studio Solution File, Format Version 12.00
# Visual Studio Version 17
VisualStudioVersion = 17.14.36811.4 d17.14
MinimumVisualStudioVersion = 10.0.40219.1
Project("{FAE04EC0-301F-11D3-BF4B-00C04F79EFBC}") = "Progra_JauresWilson", "Progra_JauresWilson.csproj", "{5F1263FD-0D4F-47BA-AE56-86073689CF59}"
EndProject
Global
	GlobalSection(SolutionConfigurationPlatforms) = preSolution
		Debug|Any CPU = Debug|Any CPU
		Release|Any CPU = Release|Any CPU
	EndGlobalSection
	GlobalSection(ProjectConfigurationPlatforms) = postSolution
		{5F1263FD-0D4F-47BA-AE56-86073689CF59}.Debug|Any CPU.ActiveCfg = Debug|Any CPU
		{5F1263FD-0D4F-47BA-AE56-86073689CF59}.Debug|Any CPU.Build.0 = Debug|Any CPU
		{5F1263FD-0D4F-47BA-AE56-86073689CF59}.Release|Any CPU.ActiveCfg = Release|Any CPU
		{5F1263FD-0D4F-47BA-AE56-86073689CF59}.Release|Any CPU.Build.0 = Release|Any CPU
	EndGlobalSection
	GlobalSection(SolutionProperties) = preSolution
		HideSolutionNode = FALSE
	EndGlobalSection
	GlobalSection(ExtensibilityGlobals) = postSolution
		SolutionGuid = {05CC146B-0EC6-49E1-B38F-2606B08D7458}
	EndGlobalSection
EndGlobal
